// !$*UTF8*$!
{
	archiveVersion = 1;
	classes = {
	};
	objectVersion = 55;
	objects = {

/* Begin PBXBuildFile section */
		0644A385F0D081B6BFB6BCBF /* Pods_ios_covid19_ios_covid19UITests.framework in Frameworks */ = {isa = PBXBuildFile; fileRef = 0419EC236A7084038F092DC5 /* Pods_ios_covid19_ios_covid19UITests.framework */; };
		40CA3CC3ABC76B037940A146 /* Pods_ios_covid19.framework in Frameworks */ = {isa = PBXBuildFile; fileRef = 2B2BA526F24373BDFA17F227 /* Pods_ios_covid19.framework */; };
		BB7F82867375126AE589499F /* Pods_ios_covid19Tests.framework in Frameworks */ = {isa = PBXBuildFile; fileRef = B1A426CA6B8F2CCF2345BC29 /* Pods_ios_covid19Tests.framework */; };
		E8DD815F273BA07600723037 /* AppDelegate.swift in Sources */ = {isa = PBXBuildFile; fileRef = E8DD815E273BA07600723037 /* AppDelegate.swift */; };
		E8DD8161273BA07600723037 /* SceneDelegate.swift in Sources */ = {isa = PBXBuildFile; fileRef = E8DD8160273BA07600723037 /* SceneDelegate.swift */; };
		E8DD8163273BA07600723037 /* ViewController.swift in Sources */ = {isa = PBXBuildFile; fileRef = E8DD8162273BA07600723037 /* ViewController.swift */; };
		E8DD8166273BA07600723037 /* Main.storyboard in Resources */ = {isa = PBXBuildFile; fileRef = E8DD8164273BA07600723037 /* Main.storyboard */; };
		E8DD8168273BA07700723037 /* Assets.xcassets in Resources */ = {isa = PBXBuildFile; fileRef = E8DD8167273BA07700723037 /* Assets.xcassets */; };
		E8DD816B273BA07700723037 /* LaunchScreen.storyboard in Resources */ = {isa = PBXBuildFile; fileRef = E8DD8169273BA07700723037 /* LaunchScreen.storyboard */; };
		E8DD8176273BA07700723037 /* ios_covid19Tests.swift in Sources */ = {isa = PBXBuildFile; fileRef = E8DD8175273BA07700723037 /* ios_covid19Tests.swift */; };
		E8DD8180273BA07700723037 /* ios_covid19UITests.swift in Sources */ = {isa = PBXBuildFile; fileRef = E8DD817F273BA07700723037 /* ios_covid19UITests.swift */; };
		E8DD8182273BA07700723037 /* ios_covid19UITestsLaunchTests.swift in Sources */ = {isa = PBXBuildFile; fileRef = E8DD8181273BA07700723037 /* ios_covid19UITestsLaunchTests.swift */; };
		E8DD818F273BD7E600723037 /* CovidDetailViewController.swift in Sources */ = {isa = PBXBuildFile; fileRef = E8DD818E273BD7E600723037 /* CovidDetailViewController.swift */; };
		E8DD8191273CD80F00723037 /* CityCovidOverview.swift in Sources */ = {isa = PBXBuildFile; fileRef = E8DD8190273CD80F00723037 /* CityCovidOverview.swift */; };
		E8DD8192273CF0CA00723037 /* ViewController.swift in Sources */ = {isa = PBXBuildFile; fileRef = E8DD8162273BA07600723037 /* ViewController.swift */; };
/* End PBXBuildFile section */

/* Begin PBXContainerItemProxy section */
		E8DD8172273BA07700723037 /* PBXContainerItemProxy */ = {
			isa = PBXContainerItemProxy;
			containerPortal = E8DD8153273BA07600723037 /* Project object */;
			proxyType = 1;
			remoteGlobalIDString = E8DD815A273BA07600723037;
			remoteInfo = "ios-covid19";
		};
		E8DD817C273BA07700723037 /* PBXContainerItemProxy */ = {
			isa = PBXContainerItemProxy;
			containerPortal = E8DD8153273BA07600723037 /* Project object */;
			proxyType = 1;
			remoteGlobalIDString = E8DD815A273BA07600723037;
			remoteInfo = "ios-covid19";
		};
/* End PBXContainerItemProxy section */

/* Begin PBXFileReference section */
		0419EC236A7084038F092DC5 /* Pods_ios_covid19_ios_covid19UITests.framework */ = {isa = PBXFileReference; explicitFileType = wrapper.framework; includeInIndex = 0; path = Pods_ios_covid19_ios_covid19UITests.framework; sourceTree = BUILT_PRODUCTS_DIR; };
		2B2BA526F24373BDFA17F227 /* Pods_ios_covid19.framework */ = {isa = PBXFileReference; explicitFileType = wrapper.framework; includeInIndex = 0; path = Pods_ios_covid19.framework; sourceTree = BUILT_PRODUCTS_DIR; };
		5904CD57F85004187603BD4B /* Pods-ios-covid19.debug.xcconfig */ = {isa = PBXFileReference; includeInIndex = 1; lastKnownFileType = text.xcconfig; name = "Pods-ios-covid19.debug.xcconfig"; path = "Target Support Files/Pods-ios-covid19/Pods-ios-covid19.debug.xcconfig"; sourceTree = "<group>"; };
		75F4BE485E733BC80B746086 /* Pods-ios-covid19-ios-covid19UITests.debug.xcconfig */ = {isa = PBXFileReference; includeInIndex = 1; lastKnownFileType = text.xcconfig; name = "Pods-ios-covid19-ios-covid19UITests.debug.xcconfig"; path = "Target Support Files/Pods-ios-covid19-ios-covid19UITests/Pods-ios-covid19-ios-covid19UITests.debug.xcconfig"; sourceTree = "<group>"; };
		77D1849888EDD6E1F1D6BF6F /* Pods-ios-covid19.release.xcconfig */ = {isa = PBXFileReference; includeInIndex = 1; lastKnownFileType = text.xcconfig; name = "Pods-ios-covid19.release.xcconfig"; path = "Target Support Files/Pods-ios-covid19/Pods-ios-covid19.release.xcconfig"; sourceTree = "<group>"; };
		90FAB801BC291998D05AF2E9 /* Pods-ios-covid19Tests.release.xcconfig */ = {isa = PBXFileReference; includeInIndex = 1; lastKnownFileType = text.xcconfig; name = "Pods-ios-covid19Tests.release.xcconfig"; path = "Target Support Files/Pods-ios-covid19Tests/Pods-ios-covid19Tests.release.xcconfig"; sourceTree = "<group>"; };
		9FA0773E9F2128509102F946 /* Pods-ios-covid19-ios-covid19UITests.release.xcconfig */ = {isa = PBXFileReference; includeInIndex = 1; lastKnownFileType = text.xcconfig; name = "Pods-ios-covid19-ios-covid19UITests.release.xcconfig"; path = "Target Support Files/Pods-ios-covid19-ios-covid19UITests/Pods-ios-covid19-ios-covid19UITests.release.xcconfig"; sourceTree = "<group>"; };
		B1A426CA6B8F2CCF2345BC29 /* Pods_ios_covid19Tests.framework */ = {isa = PBXFileReference; explicitFileType = wrapper.framework; includeInIndex = 0; path = Pods_ios_covid19Tests.framework; sourceTree = BUILT_PRODUCTS_DIR; };
		D2068CCCAF7D04022019E252 /* Pods-ios-covid19Tests.debug.xcconfig */ = {isa = PBXFileReference; includeInIndex = 1; lastKnownFileType = text.xcconfig; name = "Pods-ios-covid19Tests.debug.xcconfig"; path = "Target Support Files/Pods-ios-covid19Tests/Pods-ios-covid19Tests.debug.xcconfig"; sourceTree = "<group>"; };
		E8DD815B273BA07600723037 /* ios-covid19.app */ = {isa = PBXFileReference; explicitFileType = wrapper.application; includeInIndex = 0; path = "ios-covid19.app"; sourceTree = BUILT_PRODUCTS_DIR; };
		E8DD815E273BA07600723037 /* AppDelegate.swift */ = {isa = PBXFileReference; lastKnownFileType = sourcecode.swift; path = AppDelegate.swift; sourceTree = "<group>"; };
		E8DD8160273BA07600723037 /* SceneDelegate.swift */ = {isa = PBXFileReference; lastKnownFileType = sourcecode.swift; path = SceneDelegate.swift; sourceTree = "<group>"; };
		E8DD8162273BA07600723037 /* ViewController.swift */ = {isa = PBXFileReference; lastKnownFileType = sourcecode.swift; path = ViewController.swift; sourceTree = "<group>"; };
		E8DD8165273BA07600723037 /* Base */ = {isa = PBXFileReference; lastKnownFileType = file.storyboard; name = Base; path = Base.lproj/Main.storyboard; sourceTree = "<group>"; };
		E8DD8167273BA07700723037 /* Assets.xcassets */ = {isa = PBXFileReference; lastKnownFileType = folder.assetcatalog; path = Assets.xcassets; sourceTree = "<group>"; };
		E8DD816A273BA07700723037 /* Base */ = {isa = PBXFileReference; lastKnownFileType = file.storyboard; name = Base; path = Base.lproj/LaunchScreen.storyboard; sourceTree = "<group>"; };
		E8DD816C273BA07700723037 /* Info.plist */ = {isa = PBXFileReference; lastKnownFileType = text.plist.xml; path = Info.plist; sourceTree = "<group>"; };
		E8DD8171273BA07700723037 /* ios-covid19Tests.xctest */ = {isa = PBXFileReference; explicitFileType = wrapper.cfbundle; includeInIndex = 0; path = "ios-covid19Tests.xctest"; sourceTree = BUILT_PRODUCTS_DIR; };
		E8DD8175273BA07700723037 /* ios_covid19Tests.swift */ = {isa = PBXFileReference; lastKnownFileType = sourcecode.swift; path = ios_covid19Tests.swift; sourceTree = "<group>"; };
		E8DD817B273BA07700723037 /* ios-covid19UITests.xctest */ = {isa = PBXFileReference; explicitFileType = wrapper.cfbundle; includeInIndex = 0; path = "ios-covid19UITests.xctest"; sourceTree = BUILT_PRODUCTS_DIR; };
		E8DD817F273BA07700723037 /* ios_covid19UITests.swift */ = {isa = PBXFileReference; lastKnownFileType = sourcecode.swift; path = ios_covid19UITests.swift; sourceTree = "<group>"; };
		E8DD8181273BA07700723037 /* ios_covid19UITestsLaunchTests.swift */ = {isa = PBXFileReference; lastKnownFileType = sourcecode.swift; path = ios_covid19UITestsLaunchTests.swift; sourceTree = "<group>"; };
		E8DD818E273BD7E600723037 /* CovidDetailViewController.swift */ = {isa = PBXFileReference; lastKnownFileType = sourcecode.swift; path = CovidDetailViewController.swift; sourceTree = "<group>"; };
		E8DD8190273CD80F00723037 /* CityCovidOverview.swift */ = {isa = PBXFileReference; lastKnownFileType = sourcecode.swift; path = CityCovidOverview.swift; sourceTree = "<group>"; };
/* End PBXFileReference section */

/* Begin PBXFrameworksBuildPhase section */
		E8DD8158273BA07600723037 /* Frameworks */ = {
			isa = PBXFrameworksBuildPhase;
			buildActionMask = 2147483647;
			files = (
				40CA3CC3ABC76B037940A146 /* Pods_ios_covid19.framework in Frameworks */,
			);
			runOnlyForDeploymentPostprocessing = 0;
		};
		E8DD816E273BA07700723037 /* Frameworks */ = {
			isa = PBXFrameworksBuildPhase;
			buildActionMask = 2147483647;
			files = (
				BB7F82867375126AE589499F /* Pods_ios_covid19Tests.framework in Frameworks */,
			);
			runOnlyForDeploymentPostprocessing = 0;
		};
		E8DD8178273BA07700723037 /* Frameworks */ = {
			isa = PBXFrameworksBuildPhase;
			buildActionMask = 2147483647;
			files = (
				0644A385F0D081B6BFB6BCBF /* Pods_ios_covid19_ios_covid19UITests.framework in Frameworks */,
			);
			runOnlyForDeploymentPostprocessing = 0;
		};
/* End PBXFrameworksBuildPhase section */

/* Begin PBXGroup section */
		177C705D6D25C4D1252CB693 /* Pods */ = {
			isa = PBXGroup;
			children = (
				5904CD57F85004187603BD4B /* Pods-ios-covid19.debug.xcconfig */,
				77D1849888EDD6E1F1D6BF6F /* Pods-ios-covid19.release.xcconfig */,
				75F4BE485E733BC80B746086 /* Pods-ios-covid19-ios-covid19UITests.debug.xcconfig */,
				9FA0773E9F2128509102F946 /* Pods-ios-covid19-ios-covid19UITests.release.xcconfig */,
				D2068CCCAF7D04022019E252 /* Pods-ios-covid19Tests.debug.xcconfig */,
				90FAB801BC291998D05AF2E9 /* Pods-ios-covid19Tests.release.xcconfig */,
			);
			path = Pods;
			sourceTree = "<group>";
		};
		65B2B42A916D15546C3BA453 /* Frameworks */ = {
			isa = PBXGroup;
			children = (
				2B2BA526F24373BDFA17F227 /* Pods_ios_covid19.framework */,
				0419EC236A7084038F092DC5 /* Pods_ios_covid19_ios_covid19UITests.framework */,
				B1A426CA6B8F2CCF2345BC29 /* Pods_ios_covid19Tests.framework */,
			);
			name = Frameworks;
			sourceTree = "<group>";
		};
		E8DD8152273BA07600723037 = {
			isa = PBXGroup;
			children = (
				E8DD815D273BA07600723037 /* ios-covid19 */,
				E8DD8174273BA07700723037 /* ios-covid19Tests */,
				E8DD817E273BA07700723037 /* ios-covid19UITests */,
				E8DD815C273BA07600723037 /* Products */,
				177C705D6D25C4D1252CB693 /* Pods */,
				65B2B42A916D15546C3BA453 /* Frameworks */,
			);
			sourceTree = "<group>";
		};
		E8DD815C273BA07600723037 /* Products */ = {
			isa = PBXGroup;
			children = (
				E8DD815B273BA07600723037 /* ios-covid19.app */,
				E8DD8171273BA07700723037 /* ios-covid19Tests.xctest */,
				E8DD817B273BA07700723037 /* ios-covid19UITests.xctest */,
			);
			name = Products;
			sourceTree = "<group>";
		};
		E8DD815D273BA07600723037 /* ios-covid19 */ = {
			isa = PBXGroup;
			children = (
				E8DD815E273BA07600723037 /* AppDelegate.swift */,
				E8DD8160273BA07600723037 /* SceneDelegate.swift */,
				E8DD8162273BA07600723037 /* ViewController.swift */,
				E8DD8164273BA07600723037 /* Main.storyboard */,
				E8DD818E273BD7E600723037 /* CovidDetailViewController.swift */,
				E8DD8190273CD80F00723037 /* CityCovidOverview.swift */,
				E8DD8167273BA07700723037 /* Assets.xcassets */,
				E8DD8169273BA07700723037 /* LaunchScreen.storyboard */,
				E8DD816C273BA07700723037 /* Info.plist */,
			);
			path = "ios-covid19";
			sourceTree = "<group>";
		};
		E8DD8174273BA07700723037 /* ios-covid19Tests */ = {
			isa = PBXGroup;
			children = (
				E8DD8175273BA07700723037 /* ios_covid19Tests.swift */,
			);
			path = "ios-covid19Tests";
			sourceTree = "<group>";
		};
		E8DD817E273BA07700723037 /* ios-covid19UITests */ = {
			isa = PBXGroup;
			children = (
				E8DD817F273BA07700723037 /* ios_covid19UITests.swift */,
				E8DD8181273BA07700723037 /* ios_covid19UITestsLaunchTests.swift */,
			);
			path = "ios-covid19UITests";
			sourceTree = "<group>";
		};
/* End PBXGroup section */

/* Begin PBXNativeTarget section */
		E8DD815A273BA07600723037 /* ios-covid19 */ = {
			isa = PBXNativeTarget;
			buildConfigurationList = E8DD8185273BA07700723037 /* Build configuration list for PBXNativeTarget "ios-covid19" */;
			buildPhases = (
				4ECE22A236AE075C77A3346F /* [CP] Check Pods Manifest.lock */,
				E8DD8157273BA07600723037 /* Sources */,
				E8DD8158273BA07600723037 /* Frameworks */,
				E8DD8159273BA07600723037 /* Resources */,
				2404BC3DF439CCCFD6497A3A /* [CP] Embed Pods Frameworks */,
			);
			buildRules = (
			);
			dependencies = (
			);
			name = "ios-covid19";
			productName = "ios-covid19";
			productReference = E8DD815B273BA07600723037 /* ios-covid19.app */;
			productType = "com.apple.product-type.application";
		};
		E8DD8170273BA07700723037 /* ios-covid19Tests */ = {
			isa = PBXNativeTarget;
			buildConfigurationList = E8DD8188273BA07700723037 /* Build configuration list for PBXNativeTarget "ios-covid19Tests" */;
			buildPhases = (
				996C56ABA9FEA00056E855A3 /* [CP] Check Pods Manifest.lock */,
				E8DD816D273BA07700723037 /* Sources */,
				E8DD816E273BA07700723037 /* Frameworks */,
				E8DD816F273BA07700723037 /* Resources */,
			);
			buildRules = (
			);
			dependencies = (
				E8DD8173273BA07700723037 /* PBXTargetDependency */,
			);
			name = "ios-covid19Tests";
			productName = "ios-covid19Tests";
			productReference = E8DD8171273BA07700723037 /* ios-covid19Tests.xctest */;
			productType = "com.apple.product-type.bundle.unit-test";
		};
		E8DD817A273BA07700723037 /* ios-covid19UITests */ = {
			isa = PBXNativeTarget;
			buildConfigurationList = E8DD818B273BA07700723037 /* Build configuration list for PBXNativeTarget "ios-covid19UITests" */;
			buildPhases = (
				6A4955728C92C8F2121C7789 /* [CP] Check Pods Manifest.lock */,
				E8DD8177273BA07700723037 /* Sources */,
				E8DD8178273BA07700723037 /* Frameworks */,
				E8DD8179273BA07700723037 /* Resources */,
				49279FE2AFBA443B7C2813F7 /* [CP] Embed Pods Frameworks */,
			);
			buildRules = (
			);
			dependencies = (
				E8DD817D273BA07700723037 /* PBXTargetDependency */,
			);
			name = "ios-covid19UITests";
			productName = "ios-covid19UITests";
			productReference = E8DD817B273BA07700723037 /* ios-covid19UITests.xctest */;
			productType = "com.apple.product-type.bundle.ui-testing";
		};
/* End PBXNativeTarget section */

/* Begin PBXProject section */
		E8DD8153273BA07600723037 /* Project object */ = {
			isa = PBXProject;
			attributes = {
				BuildIndependentTargetsInParallel = 1;
				LastSwiftUpdateCheck = 1310;
				LastUpgradeCheck = 1310;
				TargetAttributes = {
					E8DD815A273BA07600723037 = {
						CreatedOnToolsVersion = 13.1;
					};
					E8DD8170273BA07700723037 = {
						CreatedOnToolsVersion = 13.1;
						TestTargetID = E8DD815A273BA07600723037;
					};
					E8DD817A273BA07700723037 = {
						CreatedOnToolsVersion = 13.1;
						TestTargetID = E8DD815A273BA07600723037;
					};
				};
			};
			buildConfigurationList = E8DD8156273BA07600723037 /* Build configuration list for PBXProject "ios-covid19" */;
			compatibilityVersion = "Xcode 13.0";
			developmentRegion = en;
			hasScannedForEncodings = 0;
			knownRegions = (
				en,
				Base,
			);
			mainGroup = E8DD8152273BA07600723037;
			productRefGroup = E8DD815C273BA07600723037 /* Products */;
			projectDirPath = "";
			projectRoot = "";
			targets = (
				E8DD815A273BA07600723037 /* ios-covid19 */,
				E8DD8170273BA07700723037 /* ios-covid19Tests */,
				E8DD817A273BA07700723037 /* ios-covid19UITests */,
			);
		};
/* End PBXProject section */

/* Begin PBXResourcesBuildPhase section */
		E8DD8159273BA07600723037 /* Resources */ = {
			isa = PBXResourcesBuildPhase;
			buildActionMask = 2147483647;
			files = (
				E8DD816B273BA07700723037 /* LaunchScreen.storyboard in Resources */,
				E8DD8168273BA07700723037 /* Assets.xcassets in Resources */,
				E8DD8166273BA07600723037 /* Main.storyboard in Resources */,
			);
			runOnlyForDeploymentPostprocessing = 0;
		};
		E8DD816F273BA07700723037 /* Resources */ = {
			isa = PBXResourcesBuildPhase;
			buildActionMask = 2147483647;
			files = (
			);
			runOnlyForDeploymentPostprocessing = 0;
		};
		E8DD8179273BA07700723037 /* Resources */ = {
			isa = PBXResourcesBuildPhase;
			buildActionMask = 2147483647;
			files = (
			);
			runOnlyForDeploymentPostprocessing = 0;
		};
/* End PBXResourcesBuildPhase section */

/* Begin PBXShellScriptBuildPhase section */
		2404BC3DF439CCCFD6497A3A /* [CP] Embed Pods Frameworks */ = {
			isa = PBXShellScriptBuildPhase;
			buildActionMask = 2147483647;
			files = (
			);
			inputFileListPaths = (
				"${PODS_ROOT}/Target Support Files/Pods-ios-covid19/Pods-ios-covid19-frameworks-${CONFIGURATION}-input-files.xcfilelist",
			);
			name = "[CP] Embed Pods Frameworks";
			outputFileListPaths = (
				"${PODS_ROOT}/Target Support Files/Pods-ios-covid19/Pods-ios-covid19-frameworks-${CONFIGURATION}-output-files.xcfilelist",
			);
			runOnlyForDeploymentPostprocessing = 0;
			shellPath = /bin/sh;
			shellScript = "\"${PODS_ROOT}/Target Support Files/Pods-ios-covid19/Pods-ios-covid19-frameworks.sh\"\n";
			showEnvVarsInLog = 0;
		};
		49279FE2AFBA443B7C2813F7 /* [CP] Embed Pods Frameworks */ = {
			isa = PBXShellScriptBuildPhase;
			buildActionMask = 2147483647;
			files = (
			);
			inputFileListPaths = (
				"${PODS_ROOT}/Target Support Files/Pods-ios-covid19-ios-covid19UITests/Pods-ios-covid19-ios-covid19UITests-frameworks-${CONFIGURATION}-input-files.xcfilelist",
			);
			name = "[CP] Embed Pods Frameworks";
			outputFileListPaths = (
				"${PODS_ROOT}/Target Support Files/Pods-ios-covid19-ios-covid19UITests/Pods-ios-covid19-ios-covid19UITests-frameworks-${CONFIGURATION}-output-files.xcfilelist",
			);
			runOnlyForDeploymentPostprocessing = 0;
			shellPath = /bin/sh;
			shellScript = "\"${PODS_ROOT}/Target Support Files/Pods-ios-covid19-ios-covid19UITests/Pods-ios-covid19-ios-covid19UITests-frameworks.sh\"\n";
			showEnvVarsInLog = 0;
		};
		4ECE22A236AE075C77A3346F /* [CP] Check Pods Manifest.lock */ = {
			isa = PBXShellScriptBuildPhase;
			buildActionMask = 2147483647;
			files = (
			);
			inputFileListPaths = (
			);
			inputPaths = (
				"${PODS_PODFILE_DIR_PATH}/Podfile.lock",
				"${PODS_ROOT}/Manifest.lock",
			);
			name = "[CP] Check Pods Manifest.lock";
			outputFileListPaths = (
			);
			outputPaths = (
				"$(DERIVED_FILE_DIR)/Pods-ios-covid19-checkManifestLockResult.txt",
			);
			runOnlyForDeploymentPostprocessing = 0;
			shellPath = /bin/sh;
			shellScript = "diff \"${PODS_PODFILE_DIR_PATH}/Podfile.lock\" \"${PODS_ROOT}/Manifest.lock\" > /dev/null\nif [ $? != 0 ] ; then\n    # print error to STDERR\n    echo \"error: The sandbox is not in sync with the Podfile.lock. Run 'pod install' or update your CocoaPods installation.\" >&2\n    exit 1\nfi\n# This output is used by Xcode 'outputs' to avoid re-running this script phase.\necho \"SUCCESS\" > \"${SCRIPT_OUTPUT_FILE_0}\"\n";
			showEnvVarsInLog = 0;
		};
		6A4955728C92C8F2121C7789 /* [CP] Check Pods Manifest.lock */ = {
			isa = PBXShellScriptBuildPhase;
			buildActionMask = 2147483647;
			files = (
			);
			inputFileListPaths = (
			);
			inputPaths = (
				"${PODS_PODFILE_DIR_PATH}/Podfile.lock",
				"${PODS_ROOT}/Manifest.lock",
			);
			name = "[CP] Check Pods Manifest.lock";
			outputFileListPaths = (
			);
			outputPaths = (
				"$(DERIVED_FILE_DIR)/Pods-ios-covid19-ios-covid19UITests-checkManifestLockResult.txt",
			);
			runOnlyForDeploymentPostprocessing = 0;
			shellPath = /bin/sh;
			shellScript = "diff \"${PODS_PODFILE_DIR_PATH}/Podfile.lock\" \"${PODS_ROOT}/Manifest.lock\" > /dev/null\nif [ $? != 0 ] ; then\n    # print error to STDERR\n    echo \"error: The sandbox is not in sync with the Podfile.lock. Run 'pod install' or update your CocoaPods installation.\" >&2\n    exit 1\nfi\n# This output is used by Xcode 'outputs' to avoid re-running this script phase.\necho \"SUCCESS\" > \"${SCRIPT_OUTPUT_FILE_0}\"\n";
			showEnvVarsInLog = 0;
		};
		996C56ABA9FEA00056E855A3 /* [CP] Check Pods Manifest.lock */ = {
			isa = PBXShellScriptBuildPhase;
			buildActionMask = 2147483647;
			files = (
			);
			inputFileListPaths = (
			);
			inputPaths = (
				"${PODS_PODFILE_DIR_PATH}/Podfile.lock",
				"${PODS_ROOT}/Manifest.lock",
			);
			name = "[CP] Check Pods Manifest.lock";
			outputFileListPaths = (
			);
			outputPaths = (
				"$(DERIVED_FILE_DIR)/Pods-ios-covid19Tests-checkManifestLockResult.txt",
			);
			runOnlyForDeploymentPostprocessing = 0;
			shellPath = /bin/sh;
			shellScript = "diff \"${PODS_PODFILE_DIR_PATH}/Podfile.lock\" \"${PODS_ROOT}/Manifest.lock\" > /dev/null\nif [ $? != 0 ] ; then\n    # print error to STDERR\n    echo \"error: The sandbox is not in sync with the Podfile.lock. Run 'pod install' or update your CocoaPods installation.\" >&2\n    exit 1\nfi\n# This output is used by Xcode 'outputs' to avoid re-running this script phase.\necho \"SUCCESS\" > \"${SCRIPT_OUTPUT_FILE_0}\"\n";
			showEnvVarsInLog = 0;
		};
/* End PBXShellScriptBuildPhase section */

/* Begin PBXSourcesBuildPhase section */
		E8DD8157273BA07600723037 /* Sources */ = {
			isa = PBXSourcesBuildPhase;
			buildActionMask = 2147483647;
			files = (
				E8DD8163273BA07600723037 /* ViewController.swift in Sources */,
				E8DD818F273BD7E600723037 /* CovidDetailViewController.swift in Sources */,
				E8DD815F273BA07600723037 /* AppDelegate.swift in Sources */,
				E8DD8191273CD80F00723037 /* CityCovidOverview.swift in Sources */,
				E8DD8161273BA07600723037 /* SceneDelegate.swift in Sources */,
			);
			runOnlyForDeploymentPostprocessing = 0;
		};
		E8DD816D273BA07700723037 /* Sources */ = {
			isa = PBXSourcesBuildPhase;
			buildActionMask = 2147483647;
			files = (
				E8DD8176273BA07700723037 /* ios_covid19Tests.swift in Sources */,
			);
			runOnlyForDeploymentPostprocessing = 0;
		};
		E8DD8177273BA07700723037 /* Sources */ = {
			isa = PBXSourcesBuildPhase;
			buildActionMask = 2147483647;
			files = (
				E8DD8192273CF0CA00723037 /* ViewController.swift in Sources */,
				E8DD8182273BA07700723037 /* ios_covid19UITestsLaunchTests.swift in Sources */,
				E8DD8180273BA07700723037 /* ios_covid19UITests.swift in Sources */,
			);
			runOnlyForDeploymentPostprocessing = 0;
		};
/* End PBXSourcesBuildPhase section */

/* Begin PBXTargetDependency section */
		E8DD8173273BA07700723037 /* PBXTargetDependency */ = {
			isa = PBXTargetDependency;
			target = E8DD815A273BA07600723037 /* ios-covid19 */;
			targetProxy = E8DD8172273BA07700723037 /* PBXContainerItemProxy */;
		};
		E8DD817D273BA07700723037 /* PBXTargetDependency */ = {
			isa = PBXTargetDependency;
			target = E8DD815A273BA07600723037 /* ios-covid19 */;
			targetProxy = E8DD817C273BA07700723037 /* PBXContainerItemProxy */;
		};
/* End PBXTargetDependency section */

/* Begin PBXVariantGroup section */
		E8DD8164273BA07600723037 /* Main.storyboard */ = {
			isa = PBXVariantGroup;
			children = (
				E8DD8165273BA07600723037 /* Base */,
			);
			name = Main.storyboard;
			sourceTree = "<group>";
		};
		E8DD8169273BA07700723037 /* LaunchScreen.storyboard */ = {
			isa = PBXVariantGroup;
			children = (
				E8DD816A273BA07700723037 /* Base */,
			);
			name = LaunchScreen.storyboard;
			sourceTree = "<group>";
		};
/* End PBXVariantGroup section */

/* Begin XCBuildConfiguration section */
		E8DD8183273BA07700723037 /* Debug */ = {
			isa = XCBuildConfiguration;
			buildSettings = {
				ALWAYS_SEARCH_USER_PATHS = NO;
				CLANG_ANALYZER_NONNULL = YES;
				CLANG_ANALYZER_NUMBER_OBJECT_CONVERSION = YES_AGGRESSIVE;
				CLANG_CXX_LANGUAGE_STANDARD = "gnu++17";
				CLANG_CXX_LIBRARY = "libc++";
				CLANG_ENABLE_MODULES = YES;
				CLANG_ENABLE_OBJC_ARC = YES;
				CLANG_ENABLE_OBJC_WEAK = YES;
				CLANG_WARN_BLOCK_CAPTURE_AUTORELEASING = YES;
				CLANG_WARN_BOOL_CONVERSION = YES;
				CLANG_WARN_COMMA = YES;
				CLANG_WARN_CONSTANT_CONVERSION = YES;
				CLANG_WARN_DEPRECATED_OBJC_IMPLEMENTATIONS = YES;
				CLANG_WARN_DIRECT_OBJC_ISA_USAGE = YES_ERROR;
				CLANG_WARN_DOCUMENTATION_COMMENTS = YES;
				CLANG_WARN_EMPTY_BODY = YES;
				CLANG_WARN_ENUM_CONVERSION = YES;
				CLANG_WARN_INFINITE_RECURSION = YES;
				CLANG_WARN_INT_CONVERSION = YES;
				CLANG_WARN_NON_LITERAL_NULL_CONVERSION = YES;
				CLANG_WARN_OBJC_IMPLICIT_RETAIN_SELF = YES;
				CLANG_WARN_OBJC_LITERAL_CONVERSION = YES;
				CLANG_WARN_OBJC_ROOT_CLASS = YES_ERROR;
				CLANG_WARN_QUOTED_INCLUDE_IN_FRAMEWORK_HEADER = YES;
				CLANG_WARN_RANGE_LOOP_ANALYSIS = YES;
				CLANG_WARN_STRICT_PROTOTYPES = YES;
				CLANG_WARN_SUSPICIOUS_MOVE = YES;
				CLANG_WARN_UNGUARDED_AVAILABILITY = YES_AGGRESSIVE;
				CLANG_WARN_UNREACHABLE_CODE = YES;
				CLANG_WARN__DUPLICATE_METHOD_MATCH = YES;
				COPY_PHASE_STRIP = NO;
				DEBUG_INFORMATION_FORMAT = dwarf;
				ENABLE_STRICT_OBJC_MSGSEND = YES;
				ENABLE_TESTABILITY = YES;
				GCC_C_LANGUAGE_STANDARD = gnu11;
				GCC_DYNAMIC_NO_PIC = NO;
				GCC_NO_COMMON_BLOCKS = YES;
				GCC_OPTIMIZATION_LEVEL = 0;
				GCC_PREPROCESSOR_DEFINITIONS = (
					"DEBUG=1",
					"$(inherited)",
				);
				GCC_WARN_64_TO_32_BIT_CONVERSION = YES;
				GCC_WARN_ABOUT_RETURN_TYPE = YES_ERROR;
				GCC_WARN_UNDECLARED_SELECTOR = YES;
				GCC_WARN_UNINITIALIZED_AUTOS = YES_AGGRESSIVE;
				GCC_WARN_UNUSED_FUNCTION = YES;
				GCC_WARN_UNUSED_VARIABLE = YES;
				IPHONEOS_DEPLOYMENT_TARGET = 15.0;
				MTL_ENABLE_DEBUG_INFO = INCLUDE_SOURCE;
				MTL_FAST_MATH = YES;
				ONLY_ACTIVE_ARCH = YES;
				SDKROOT = iphoneos;
				SWIFT_ACTIVE_COMPILATION_CONDITIONS = DEBUG;
				SWIFT_OPTIMIZATION_LEVEL = "-Onone";
			};
			name = Debug;
		};
		E8DD8184273BA07700723037 /* Release */ = {
			isa = XCBuildConfiguration;
			buildSettings = {
				ALWAYS_SEARCH_USER_PATHS = NO;
				CLANG_ANALYZER_NONNULL = YES;
				CLANG_ANALYZER_NUMBER_OBJECT_CONVERSION = YES_AGGRESSIVE;
				CLANG_CXX_LANGUAGE_STANDARD = "gnu++17";
				CLANG_CXX_LIBRARY = "libc++";
				CLANG_ENABLE_MODULES = YES;
				CLANG_ENABLE_OBJC_ARC = YES;
				CLANG_ENABLE_OBJC_WEAK = YES;
				CLANG_WARN_BLOCK_CAPTURE_AUTORELEASING = YES;
				CLANG_WARN_BOOL_CONVERSION = YES;
				CLANG_WARN_COMMA = YES;
				CLANG_WARN_CONSTANT_CONVERSION = YES;
				CLANG_WARN_DEPRECATED_OBJC_IMPLEMENTATIONS = YES;
				CLANG_WARN_DIRECT_OBJC_ISA_USAGE = YES_ERROR;
				CLANG_WARN_DOCUMENTATION_COMMENTS = YES;
				CLANG_WARN_EMPTY_BODY = YES;
				CLANG_WARN_ENUM_CONVERSION = YES;
				CLANG_WARN_INFINITE_RECURSION = YES;
				CLANG_WARN_INT_CONVERSION = YES;
				CLANG_WARN_NON_LITERAL_NULL_CONVERSION = YES;
				CLANG_WARN_OBJC_IMPLICIT_RETAIN_SELF = YES;
				CLANG_WARN_OBJC_LITERAL_CONVERSION = YES;
				CLANG_WARN_OBJC_ROOT_CLASS = YES_ERROR;
				CLANG_WARN_QUOTED_INCLUDE_IN_FRAMEWORK_HEADER = YES;
				CLANG_WARN_RANGE_LOOP_ANALYSIS = YES;
				CLANG_WARN_STRICT_PROTOTYPES = YES;
				CLANG_WARN_SUSPICIOUS_MOVE = YES;
				CLANG_WARN_UNGUARDED_AVAILABILITY = YES_AGGRESSIVE;
				CLANG_WARN_UNREACHABLE_CODE = YES;
				CLANG_WARN__DUPLICATE_METHOD_MATCH = YES;
				COPY_PHASE_STRIP = NO;
				DEBUG_INFORMATION_FORMAT = "dwarf-with-dsym";
				ENABLE_NS_ASSERTIONS = NO;
				ENABLE_STRICT_OBJC_MSGSEND = YES;
				GCC_C_LANGUAGE_STANDARD = gnu11;
				GCC_NO_COMMON_BLOCKS = YES;
				GCC_WARN_64_TO_32_BIT_CONVERSION = YES;
				GCC_WARN_ABOUT_RETURN_TYPE = YES_ERROR;
				GCC_WARN_UNDECLARED_SELECTOR = YES;
				GCC_WARN_UNINITIALIZED_AUTOS = YES_AGGRESSIVE;
				GCC_WARN_UNUSED_FUNCTION = YES;
				GCC_WARN_UNUSED_VARIABLE = YES;
				IPHONEOS_DEPLOYMENT_TARGET = 15.0;
				MTL_ENABLE_DEBUG_INFO = NO;
				MTL_FAST_MATH = YES;
				SDKROOT = iphoneos;
				SWIFT_COMPILATION_MODE = wholemodule;
				SWIFT_OPTIMIZATION_LEVEL = "-O";
				VALIDATE_PRODUCT = YES;
			};
			name = Release;
		};
		E8DD8186273BA07700723037 /* Debug */ = {
			isa = XCBuildConfiguration;
			baseConfigurationReference = 5904CD57F85004187603BD4B /* Pods-ios-covid19.debug.xcconfig */;
			buildSettings = {
				ASSETCATALOG_COMPILER_APPICON_NAME = AppIcon;
				ASSETCATALOG_COMPILER_GLOBAL_ACCENT_COLOR_NAME = AccentColor;
				CODE_SIGN_STYLE = Automatic;
				CURRENT_PROJECT_VERSION = 1;
				DEVELOPMENT_TEAM = QMT249Z57K;
				GENERATE_INFOPLIST_FILE = YES;
				INFOPLIST_FILE = "ios-covid19/Info.plist";
				INFOPLIST_KEY_UIApplicationSupportsIndirectInputEvents = YES;
				INFOPLIST_KEY_UILaunchStoryboardName = LaunchScreen;
				INFOPLIST_KEY_UIMainStoryboardFile = Main;
				INFOPLIST_KEY_UISupportedInterfaceOrientations_iPad = "UIInterfaceOrientationPortrait UIInterfaceOrientationPortraitUpsideDown UIInterfaceOrientationLandscapeLeft UIInterfaceOrientationLandscapeRight";
				INFOPLIST_KEY_UISupportedInterfaceOrientations_iPhone = "UIInterfaceOrientationPortrait UIInterfaceOrientationLandscapeLeft UIInterfaceOrientationLandscapeRight";
				LD_RUNPATH_SEARCH_PATHS = (
					"$(inherited)",
					"@executable_path/Frameworks",
				);
				MARKETING_VERSION = 1.0;
				PRODUCT_BUNDLE_IDENTIFIER = "com.jiin.ios-covid19";
				PRODUCT_NAME = "$(TARGET_NAME)";
				SWIFT_EMIT_LOC_STRINGS = YES;
				SWIFT_VERSION = 5.0;
				TARGETED_DEVICE_FAMILY = "1,2";
			};
			name = Debug;
		};
		E8DD8187273BA07700723037 /* Release */ = {
			isa = XCBuildConfiguration;
			baseConfigurationReference = 77D1849888EDD6E1F1D6BF6F /* Pods-ios-covid19.release.xcconfig */;
			buildSettings = {
				ASSETCATALOG_COMPILER_APPICON_NAME = AppIcon;
				ASSETCATALOG_COMPILER_GLOBAL_ACCENT_COLOR_NAME = AccentColor;
				CODE_SIGN_STYLE = Automatic;
				CURRENT_PROJECT_VERSION = 1;
				DEVELOPMENT_TEAM = QMT249Z57K;
				GENERATE_INFOPLIST_FILE = YES;
				INFOPLIST_FILE = "ios-covid19/Info.plist";
				INFOPLIST_KEY_UIApplicationSupportsIndirectInputEvents = YES;
				INFOPLIST_KEY_UILaunchStoryboardName = LaunchScreen;
				INFOPLIST_KEY_UIMainStoryboardFile = Main;
				INFOPLIST_KEY_UISupportedInterfaceOrientations_iPad = "UIInterfaceOrientationPortrait UIInterfaceOrientationPortraitUpsideDown UIInterfaceOrientationLandscapeLeft UIInterfaceOrientationLandscapeRight";
				INFOPLIST_KEY_UISupportedInterfaceOrientations_iPhone = "UIInterfaceOrientationPortrait UIInterfaceOrientationLandscapeLeft UIInterfaceOrientationLandscapeRight";
				LD_RUNPATH_SEARCH_PATHS = (
					"$(inherited)",
					"@executable_path/Frameworks",
				);
				MARKETING_VERSION = 1.0;
				PRODUCT_BUNDLE_IDENTIFIER = "com.jiin.ios-covid19";
				PRODUCT_NAME = "$(TARGET_NAME)";
				SWIFT_EMIT_LOC_STRINGS = YES;
				SWIFT_VERSION = 5.0;
				TARGETED_DEVICE_FAMILY = "1,2";
			};
			name = Release;
		};
		E8DD8189273BA07700723037 /* Debug */ = {
			isa = XCBuildConfiguration;
			baseConfigurationReference = D2068CCCAF7D04022019E252 /* Pods-ios-covid19Tests.debug.xcconfig */;
			buildSettings = {
				ALWAYS_EMBED_SWIFT_STANDARD_LIBRARIES = YES;
				BUNDLE_LOADER = "$(TEST_HOST)";
				CODE_SIGN_STYLE = Automatic;
				CURRENT_PROJECT_VERSION = 1;
				DEVELOPMENT_TEAM = QMT249Z57K;
				GENERATE_INFOPLIST_FILE = YES;
				IPHONEOS_DEPLOYMENT_TARGET = 15.0;
				LD_RUNPATH_SEARCH_PATHS = (
					"$(inherited)",
					"@executable_path/Frameworks",
					"@loader_path/Frameworks",
				);
				MARKETING_VERSION = 1.0;
				PRODUCT_BUNDLE_IDENTIFIER = "com.jiin.ios-covid19Tests";
				PRODUCT_NAME = "$(TARGET_NAME)";
				SWIFT_EMIT_LOC_STRINGS = NO;
				SWIFT_VERSION = 5.0;
				TARGETED_DEVICE_FAMILY = "1,2";
				TEST_HOST = "$(BUILT_PRODUCTS_DIR)/ios-covid19.app/ios-covid19";
			};
			name = Debug;
		};
		E8DD818A273BA07700723037 /* Release */ = {
			isa = XCBuildConfiguration;
			baseConfigurationReference = 90FAB801BC291998D05AF2E9 /* Pods-ios-covid19Tests.release.xcconfig */;
			buildSettings = {
				ALWAYS_EMBED_SWIFT_STANDARD_LIBRARIES = YES;
				BUNDLE_LOADER = "$(TEST_HOST)";
				CODE_SIGN_STYLE = Automatic;
				CURRENT_PROJECT_VERSION = 1;
				DEVELOPMENT_TEAM = QMT249Z57K;
				GENERATE_INFOPLIST_FILE = YES;
				IPHONEOS_DEPLOYMENT_TARGET = 15.0;
				LD_RUNPATH_SEARCH_PATHS = (
					"$(inherited)",
					"@executable_path/Frameworks",
					"@loader_path/Frameworks",
				);
				MARKETING_VERSION = 1.0;
				PRODUCT_BUNDLE_IDENTIFIER = "com.jiin.ios-covid19Tests";
				PRODUCT_NAME = "$(TARGET_NAME)";
				SWIFT_EMIT_LOC_STRINGS = NO;
				SWIFT_VERSION = 5.0;
				TARGETED_DEVICE_FAMILY = "1,2";
				TEST_HOST = "$(BUILT_PRODUCTS_DIR)/ios-covid19.app/ios-covid19";
			};
			name = Release;
		};
		E8DD818C273BA07700723037 /* Debug */ = {
			isa = XCBuildConfiguration;
			baseConfigurationReference = 75F4BE485E733BC80B746086 /* Pods-ios-covid19-ios-covid19UITests.debug.xcconfig */;
			buildSettings = {
				ALWAYS_EMBED_SWIFT_STANDARD_LIBRARIES = YES;
				CODE_SIGN_STYLE = Automatic;
				CURRENT_PROJECT_VERSION = 1;
				DEVELOPMENT_TEAM = QMT249Z57K;
				GENERATE_INFOPLIST_FILE = YES;
				LD_RUNPATH_SEARCH_PATHS = (
					"$(inherited)",
					"@executable_path/Frameworks",
					"@loader_path/Frameworks",
				);
				MARKETING_VERSION = 1.0;
				PRODUCT_BUNDLE_IDENTIFIER = "com.jiin.ios-covid19UITests";
				PRODUCT_NAME = "$(TARGET_NAME)";
				SWIFT_EMIT_LOC_STRINGS = NO;
				SWIFT_VERSION = 5.0;
				TARGETED_DEVICE_FAMILY = "1,2";
				TEST_TARGET_NAME = "ios-covid19";
			};
			name = Debug;
		};
		E8DD818D273BA07700723037 /* Release */ = {
			isa = XCBuildConfiguration;
			baseConfigurationReference = 9FA0773E9F2128509102F946 /* Pods-ios-covid19-ios-covid19UITests.release.xcconfig */;
			buildSettings = {
				ALWAYS_EMBED_SWIFT_STANDARD_LIBRARIES = YES;
				CODE_SIGN_STYLE = Automatic;
				CURRENT_PROJECT_VERSION = 1;
				DEVELOPMENT_TEAM = QMT249Z57K;
				GENERATE_INFOPLIST_FILE = YES;
				LD_RUNPATH_SEARCH_PATHS = (
					"$(inherited)",
					"@executable_path/Frameworks",
					"@loader_path/Frameworks",
				);
				MARKETING_VERSION = 1.0;
				PRODUCT_BUNDLE_IDENTIFIER = "com.jiin.ios-covid19UITests";
				PRODUCT_NAME = "$(TARGET_NAME)";
				SWIFT_EMIT_LOC_STRINGS = NO;
				SWIFT_VERSION = 5.0;
				TARGETED_DEVICE_FAMILY = "1,2";
				TEST_TARGET_NAME = "ios-covid19";
			};
			name = Release;
		};
/* End XCBuildConfiguration section */

/* Begin XCConfigurationList section */
		E8DD8156273BA07600723037 /* Build configuration list for PBXProject "ios-covid19" */ = {
			isa = XCConfigurationList;
			buildConfigurations = (
				E8DD8183273BA07700723037 /* Debug */,
				E8DD8184273BA07700723037 /* Release */,
			);
			defaultConfigurationIsVisible = 0;
			defaultConfigurationName = Release;
		};
		E8DD8185273BA07700723037 /* Build configuration list for PBXNativeTarget "ios-covid19" */ = {
			isa = XCConfigurationList;
			buildConfigurations = (
				E8DD8186273BA07700723037 /* Debug */,
				E8DD8187273BA07700723037 /* Release */,
			);
			defaultConfigurationIsVisible = 0;
			defaultConfigurationName = Release;
		};
		E8DD8188273BA07700723037 /* Build configuration list for PBXNativeTarget "ios-covid19Tests" */ = {
			isa = XCConfigurationList;
			buildConfigurations = (
				E8DD8189273BA07700723037 /* Debug */,
				E8DD818A273BA07700723037 /* Release */,
			);
			defaultConfigurationIsVisible = 0;
			defaultConfigurationName = Release;
		};
		E8DD818B273BA07700723037 /* Build configuration list for PBXNativeTarget "ios-covid19UITests" */ = {
			isa = XCConfigurationList;
			buildConfigurations = (
				E8DD818C273BA07700723037 /* Debug */,
				E8DD818D273BA07700723037 /* Release */,
			);
			defaultConfigurationIsVisible = 0;
			defaultConfigurationName = Release;
		};
/* End XCConfigurationList section */
	};
	rootObject = E8DD8153273BA07600723037 /* Project object */;
}
